
Microsoft Visual Studio Solution File, Format Version 12.00
# Visual Studio Version 17
VisualStudioVersion = 17.6.33815.320
MinimumVisualStudioVersion = 10.0.40219.1
Project("{FAE04EC0-301F-11D3-BF4B-00C04F79EFBC}") = "AssociatePortal.Web", "AssociatePortal.Web\AssociatePortal.Web.csproj", "{37EBBEB8-72CC-4B7C-AD59-0CCD6B34B35E}"
EndProject
Global
	GlobalSection(SolutionConfigurationPlatforms) = preSolution
		Debug|Any CPU = Debug|Any CPU
		Release|Any CPU = Release|Any CPU
	EndGlobalSection
	GlobalSection(ProjectConfigurationPlatforms) = postSolution
		{37EBBEB8-72CC-4B7C-AD59-0CCD6B34B35E}.Debug|Any CPU.ActiveCfg = Debug|Any CPU
		{37EBBEB8-72CC-4B7C-AD59-0CCD6B34B35E}.Debug|Any CPU.Build.0 = Debug|Any CPU
		{37EBBEB8-72CC-4B7C-AD59-0CCD6B34B35E}.Release|Any CPU.ActiveCfg = Release|Any CPU
		{37EBBEB8-72CC-4B7C-AD59-0CCD6B34B35E}.Release|Any CPU.Build.0 = Release|Any CPU
	EndGlobalSection
	GlobalSection(SolutionProperties) = preSolution
		HideSolutionNode = FALSE
	EndGlobalSection
	GlobalSection(ExtensibilityGlobals) = postSolution
		SolutionGuid = {916763B2-0DD7-4189-A4A2-627E32F6FA8E}
	EndGlobalSection
EndGlobal
