
Microsoft Visual Studio Solution File, Format Version 12.00
# Visual Studio Version 16
VisualStudioVersion = 16.0.31911.196
MinimumVisualStudioVersion = 10.0.40219.1
Project("{FAE04EC0-301F-11D3-BF4B-00C04F79EFBC}") = "consoleUI", "consoleUI\consoleUI.csproj", "{ACA31C24-6254-41E4-9336-4D772F0715BF}"
EndProject
Global
	GlobalSection(SolutionConfigurationPlatforms) = preSolution
		Debug|Any CPU = Debug|Any CPU
		Release|Any CPU = Release|Any CPU
	EndGlobalSection
	GlobalSection(ProjectConfigurationPlatforms) = postSolution
		{ACA31C24-6254-41E4-9336-4D772F0715BF}.Debug|Any CPU.ActiveCfg = Debug|Any CPU
		{ACA31C24-6254-41E4-9336-4D772F0715BF}.Debug|Any CPU.Build.0 = Debug|Any CPU
		{ACA31C24-6254-41E4-9336-4D772F0715BF}.Release|Any CPU.ActiveCfg = Release|Any CPU
		{ACA31C24-6254-41E4-9336-4D772F0715BF}.Release|Any CPU.Build.0 = Release|Any CPU
	EndGlobalSection
	GlobalSection(SolutionProperties) = preSolution
		HideSolutionNode = FALSE
	EndGlobalSection
	GlobalSection(ExtensibilityGlobals) = postSolution
		SolutionGuid = {3CD4FC61-522F-428B-AF0D-100BBD185B17}
	EndGlobalSection
EndGlobal
