
Microsoft Visual Studio Solution File, Format Version 12.00
# Visual Studio Version 17
VisualStudioVersion = 17.6.33815.320
MinimumVisualStudioVersion = 10.0.40219.1
Project("{FAE04EC0-301F-11D3-BF4B-00C04F79EFBC}") = "AssociateManagement.Web", "AssociateManagement.Web\AssociateManagement.Web.csproj", "{F81081F8-20EC-4F50-8AE0-9D6AF302E693}"
EndProject
Global
	GlobalSection(SolutionConfigurationPlatforms) = preSolution
		Debug|Any CPU = Debug|Any CPU
		Release|Any CPU = Release|Any CPU
	EndGlobalSection
	GlobalSection(ProjectConfigurationPlatforms) = postSolution
		{F81081F8-20EC-4F50-8AE0-9D6AF302E693}.Debug|Any CPU.ActiveCfg = Debug|Any CPU
		{F81081F8-20EC-4F50-8AE0-9D6AF302E693}.Debug|Any CPU.Build.0 = Debug|Any CPU
		{F81081F8-20EC-4F50-8AE0-9D6AF302E693}.Release|Any CPU.ActiveCfg = Release|Any CPU
		{F81081F8-20EC-4F50-8AE0-9D6AF302E693}.Release|Any CPU.Build.0 = Release|Any CPU
	EndGlobalSection
	GlobalSection(SolutionProperties) = preSolution
		HideSolutionNode = FALSE
	EndGlobalSection
	GlobalSection(ExtensibilityGlobals) = postSolution
		SolutionGuid = {123E93F8-878E-4C5F-9700-5342B575A9F8}
	EndGlobalSection
EndGlobal
